
Microsoft Visual Studio Solution File, Format Version 12.00
# Visual Studio Version 17
VisualStudioVersion = 17.5.002.0
MinimumVisualStudioVersion = 10.0.40219.1
Project("{9A19103F-16F7-4668-BE54-9A1E7A4F7556}") = "Poo", "Poo.csproj", "{DF258FC3-21AF-4CD5-94F9-38817F4EF82F}"
EndProject
Global
	GlobalSection(SolutionConfigurationPlatforms) = preSolution
		Debug|Any CPU = Debug|Any CPU
		Release|Any CPU = Release|Any CPU
	EndGlobalSection
	GlobalSection(ProjectConfigurationPlatforms) = postSolution
		{DF258FC3-21AF-4CD5-94F9-38817F4EF82F}.Debug|Any CPU.ActiveCfg = Debug|Any CPU
		{DF258FC3-21AF-4CD5-94F9-38817F4EF82F}.Debug|Any CPU.Build.0 = Debug|Any CPU
		{DF258FC3-21AF-4CD5-94F9-38817F4EF82F}.Release|Any CPU.ActiveCfg = Release|Any CPU
		{DF258FC3-21AF-4CD5-94F9-38817F4EF82F}.Release|Any CPU.Build.0 = Release|Any CPU
	EndGlobalSection
	GlobalSection(SolutionProperties) = preSolution
		HideSolutionNode = FALSE
	EndGlobalSection
	GlobalSection(ExtensibilityGlobals) = postSolution
		SolutionGuid = {D4AC3DE2-5CE3-49F6-BC21-2BDCA82DB167}
	EndGlobalSection
EndGlobal
